
Microsoft Visual Studio Solution File, Format Version 12.00
# Visual Studio Version 16
VisualStudioVersion = 16.0.31829.152
MinimumVisualStudioVersion = 10.0.40219.1
Project("{FAE04EC0-301F-11D3-BF4B-00C04F79EFBC}") = "Streamish", "Streamish\Streamish.csproj", "{CD35DD48-1C5C-400D-9E81-B86166C4BB7A}"
EndProject
Global
	GlobalSection(SolutionConfigurationPlatforms) = preSolution
		Debug|Any CPU = Debug|Any CPU
		Release|Any CPU = Release|Any CPU
	EndGlobalSection
	GlobalSection(ProjectConfigurationPlatforms) = postSolution
		{CD35DD48-1C5C-400D-9E81-B86166C4BB7A}.Debug|Any CPU.ActiveCfg = Debug|Any CPU
		{CD35DD48-1C5C-400D-9E81-B86166C4BB7A}.Debug|Any CPU.Build.0 = Debug|Any CPU
		{CD35DD48-1C5C-400D-9E81-B86166C4BB7A}.Release|Any CPU.ActiveCfg = Release|Any CPU
		{CD35DD48-1C5C-400D-9E81-B86166C4BB7A}.Release|Any CPU.Build.0 = Release|Any CPU
	EndGlobalSection
	GlobalSection(SolutionProperties) = preSolution
		HideSolutionNode = FALSE
	EndGlobalSection
	GlobalSection(ExtensibilityGlobals) = postSolution
		SolutionGuid = {665D7DE0-6012-47CD-967A-3C237CB836DD}
	EndGlobalSection
EndGlobal
